
Microsoft Visual Studio Solution File, Format Version 12.00
# Visual Studio Version 17
VisualStudioVersion = 17.0.31903.59
MinimumVisualStudioVersion = 10.0.40219.1
Project("{FAE04EC0-301F-11D3-BF4B-00C04F79EFBC}") = "SmartFolder", "SmartFolder\SmartFolder.csproj", "{0DBA065D-223D-494C-ADBE-3AD08F2C4C94}"
EndProject
Project("{FAE04EC0-301F-11D3-BF4B-00C04F79EFBC}") = "SmartFolder.Tests", "SmartFolder.Tests\SmartFolder.Tests.csproj", "{928C3757-DF64-4273-937F-A4916D95C4BD}"
EndProject
Global
	GlobalSection(SolutionConfigurationPlatforms) = preSolution
		Debug|Any CPU = Debug|Any CPU
		Release|Any CPU = Release|Any CPU
	EndGlobalSection
	GlobalSection(SolutionProperties) = preSolution
		HideSolutionNode = FALSE
	EndGlobalSection
	GlobalSection(ProjectConfigurationPlatforms) = postSolution
		{0DBA065D-223D-494C-ADBE-3AD08F2C4C94}.Debug|Any CPU.ActiveCfg = Debug|Any CPU
		{0DBA065D-223D-494C-ADBE-3AD08F2C4C94}.Debug|Any CPU.Build.0 = Debug|Any CPU
		{0DBA065D-223D-494C-ADBE-3AD08F2C4C94}.Release|Any CPU.ActiveCfg = Release|Any CPU
		{0DBA065D-223D-494C-ADBE-3AD08F2C4C94}.Release|Any CPU.Build.0 = Release|Any CPU
		{928C3757-DF64-4273-937F-A4916D95C4BD}.Debug|Any CPU.ActiveCfg = Debug|Any CPU
		{928C3757-DF64-4273-937F-A4916D95C4BD}.Debug|Any CPU.Build.0 = Debug|Any CPU
		{928C3757-DF64-4273-937F-A4916D95C4BD}.Release|Any CPU.ActiveCfg = Release|Any CPU
		{928C3757-DF64-4273-937F-A4916D95C4BD}.Release|Any CPU.Build.0 = Release|Any CPU
	EndGlobalSection
EndGlobal
